PODS:
  - AFNetworking (3.1.0):
    - AFNetworking/NSURLSession (= 3.1.0)
    - AFNetworking/Reachability (= 3.1.0)
    - AFNetworking/Security (= 3.1.0)
    - AFNetworking/Serialization (= 3.1.0)
    - AFNetworking/UIKit (= 3.1.0)
  - AFNetworking/NSURLSession (3.1.0):
    - AFNetworking/Reachability
    - AFNetworking/Security
    - AFNetworking/Serialization
  - AFNetworking/Reachability (3.1.0)
  - AFNetworking/Security (3.1.0)
  - AFNetworking/Serialization (3.1.0)
  - AFNetworking/UIKit (3.1.0):
    - AFNetworking/NSURLSession
  - OAuthSwift (1.1.0)

DEPENDENCIES:
  - AFNetworking (~> 3.0)
  - OAuthSwift (~> 1.1.0)

SPEC CHECKSUMS:
  AFNetworking: 5e0e199f73d8626b11e79750991f5d173d1f8b67
  OAuthSwift: 7ec2c62274f6bdc30b1ba3b799c39a6fdcaea0e5

PODFILE CHECKSUM: df88720ebccb37f8d7f0589b1ef8a10a7bca7755

COCOAPODS: 1.1.1
