// !$*UTF8*$!
{
	archiveVersion = 1;
	classes = {
	};
	objectVersion = 46;
	objects = {

/* Begin PBXBuildFile section */
		2DA37808E7F97E870FD543D4 /* Pods_ShortLinkUITests.framework in Frameworks */ = {isa = PBXBuildFile; fileRef = 69505047EF28B75393F432F1 /* Pods_ShortLinkUITests.framework */; };
		64DA1D111E6B232600711F7B /* AppDelegate.swift in Sources */ = {isa = PBXBuildFile; fileRef = 64DA1D101E6B232600711F7B /* AppDelegate.swift */; };
		64DA1D131E6B232600711F7B /* ViewController.swift in Sources */ = {isa = PBXBuildFile; fileRef = 64DA1D121E6B232600711F7B /* ViewController.swift */; };
		64DA1D161E6B232600711F7B /* Main.storyboard in Resources */ = {isa = PBXBuildFile; fileRef = 64DA1D141E6B232600711F7B /* Main.storyboard */; };
		64DA1D181E6B232600711F7B /* Assets.xcassets in Resources */ = {isa = PBXBuildFile; fileRef = 64DA1D171E6B232600711F7B /* Assets.xcassets */; };
		64DA1D1B1E6B232600711F7B /* LaunchScreen.storyboard in Resources */ = {isa = PBXBuildFile; fileRef = 64DA1D191E6B232600711F7B /* LaunchScreen.storyboard */; };
		64DA1D261E6B232600711F7B /* ShortLinkTests.swift in Sources */ = {isa = PBXBuildFile; fileRef = 64DA1D251E6B232600711F7B /* ShortLinkTests.swift */; };
		64DA1D311E6B232600711F7B /* ShortLinkUITests.swift in Sources */ = {isa = PBXBuildFile; fileRef = 64DA1D301E6B232600711F7B /* ShortLinkUITests.swift */; };
		6E7E884C376B2BF40C2B8006 /* Pods_ShortLink.framework in Frameworks */ = {isa = PBXBuildFile; fileRef = C73B7CE37EBFF3B3D9971EBD /* Pods_ShortLink.framework */; };
		E82C14FDF41B87C457AB4C52 /* Pods_ShortLinkTests.framework in Frameworks */ = {isa = PBXBuildFile; fileRef = B3ABC08055C8095E2C9610BB /* Pods_ShortLinkTests.framework */; };
/* End PBXBuildFile section */

/* Begin PBXContainerItemProxy section */
		64DA1D221E6B232600711F7B /* PBXContainerItemProxy */ = {
			isa = PBXContainerItemProxy;
			containerPortal = 64DA1D051E6B232600711F7B /* Project object */;
			proxyType = 1;
			remoteGlobalIDString = 64DA1D0C1E6B232600711F7B;
			remoteInfo = ShortLink;
		};
		64DA1D2D1E6B232600711F7B /* PBXContainerItemProxy */ = {
			isa = PBXContainerItemProxy;
			containerPortal = 64DA1D051E6B232600711F7B /* Project object */;
			proxyType = 1;
			remoteGlobalIDString = 64DA1D0C1E6B232600711F7B;
			remoteInfo = ShortLink;
		};
/* End PBXContainerItemProxy section */

/* Begin PBXFileReference section */
		0B23749EFC4DF8F81AEA3D02 /* Pods-ShortLink.debug.xcconfig */ = {isa = PBXFileReference; includeInIndex = 1; lastKnownFileType = text.xcconfig; name = "Pods-ShortLink.debug.xcconfig"; path = "Pods/Target Support Files/Pods-ShortLink/Pods-ShortLink.debug.xcconfig"; sourceTree = "<group>"; };
		2D995C63B9560B0792BB7C08 /* Pods-ShortLinkTests.release.xcconfig */ = {isa = PBXFileReference; includeInIndex = 1; lastKnownFileType = text.xcconfig; name = "Pods-ShortLinkTests.release.xcconfig"; path = "Pods/Target Support Files/Pods-ShortLinkTests/Pods-ShortLinkTests.release.xcconfig"; sourceTree = "<group>"; };
		64DA1D0D1E6B232600711F7B /* ShortLink.app */ = {isa = PBXFileReference; explicitFileType = wrapper.application; includeInIndex = 0; path = ShortLink.app; sourceTree = BUILT_PRODUCTS_DIR; };
		64DA1D101E6B232600711F7B /* AppDelegate.swift */ = {isa = PBXFileReference; lastKnownFileType = sourcecode.swift; path = AppDelegate.swift; sourceTree = "<group>"; };
		64DA1D121E6B232600711F7B /* ViewController.swift */ = {isa = PBXFileReference; lastKnownFileType = sourcecode.swift; path = ViewController.swift; sourceTree = "<group>"; };
		64DA1D151E6B232600711F7B /* Base */ = {isa = PBXFileReference; lastKnownFileType = file.storyboard; name = Base; path = Base.lproj/Main.storyboard; sourceTree = "<group>"; };
		64DA1D171E6B232600711F7B /* Assets.xcassets */ = {isa = PBXFileReference; lastKnownFileType = folder.assetcatalog; path = Assets.xcassets; sourceTree = "<group>"; };
		64DA1D1A1E6B232600711F7B /* Base */ = {isa = PBXFileReference; lastKnownFileType = file.storyboard; name = Base; path = Base.lproj/LaunchScreen.storyboard; sourceTree = "<group>"; };
		64DA1D1C1E6B232600711F7B /* Info.plist */ = {isa = PBXFileReference; lastKnownFileType = text.plist.xml; path = Info.plist; sourceTree = "<group>"; };
		64DA1D211E6B232600711F7B /* ShortLinkTests.xctest */ = {isa = PBXFileReference; explicitFileType = wrapper.cfbundle; includeInIndex = 0; path = ShortLinkTests.xctest; sourceTree = BUILT_PRODUCTS_DIR; };
		64DA1D251E6B232600711F7B /* ShortLinkTests.swift */ = {isa = PBXFileReference; lastKnownFileType = sourcecode.swift; path = ShortLinkTests.swift; sourceTree = "<group>"; };
		64DA1D271E6B232600711F7B /* Info.plist */ = {isa = PBXFileReference; lastKnownFileType = text.plist.xml; path = Info.plist; sourceTree = "<group>"; };
		64DA1D2C1E6B232600711F7B /* ShortLinkUITests.xctest */ = {isa = PBXFileReference; explicitFileType = wrapper.cfbundle; includeInIndex = 0; path = ShortLinkUITests.xctest; sourceTree = BUILT_PRODUCTS_DIR; };
		64DA1D301E6B232600711F7B /* ShortLinkUITests.swift */ = {isa = PBXFileReference; lastKnownFileType = sourcecode.swift; path = ShortLinkUITests.swift; sourceTree = "<group>"; };
		64DA1D321E6B232600711F7B /* Info.plist */ = {isa = PBXFileReference; lastKnownFileType = text.plist.xml; path = Info.plist; sourceTree = "<group>"; };
		69505047EF28B75393F432F1 /* Pods_ShortLinkUITests.framework */ = {isa = PBXFileReference; explicitFileType = wrapper.framework; includeInIndex = 0; path = Pods_ShortLinkUITests.framework; sourceTree = BUILT_PRODUCTS_DIR; };
		7D6D4B6DC8C72B01A1109891 /* Pods-ShortLinkUITests.debug.xcconfig */ = {isa = PBXFileReference; includeInIndex = 1; lastKnownFileType = text.xcconfig; name = "Pods-ShortLinkUITests.debug.xcconfig"; path = "Pods/Target Support Files/Pods-ShortLinkUITests/Pods-ShortLinkUITests.debug.xcconfig"; sourceTree = "<group>"; };
		8426C7A3F795FBC1EB4E0701 /* Pods-ShortLinkUITests.release.xcconfig */ = {isa = PBXFileReference; includeInIndex = 1; lastKnownFileType = text.xcconfig; name = "Pods-ShortLinkUITests.release.xcconfig"; path = "Pods/Target Support Files/Pods-ShortLinkUITests/Pods-ShortLinkUITests.release.xcconfig"; sourceTree = "<group>"; };
		8BBFB0009453EE28EDAE0E6C /* Pods-ShortLink.release.xcconfig */ = {isa = PBXFileReference; includeInIndex = 1; lastKnownFileType = text.xcconfig; name = "Pods-ShortLink.release.xcconfig"; path = "Pods/Target Support Files/Pods-ShortLink/Pods-ShortLink.release.xcconfig"; sourceTree = "<group>"; };
		B3ABC08055C8095E2C9610BB /* Pods_ShortLinkTests.framework */ = {isa = PBXFileReference; explicitFileType = wrapper.framework; includeInIndex = 0; path = Pods_ShortLinkTests.framework; sourceTree = BUILT_PRODUCTS_DIR; };
		C489248CAEB82BD8681E7003 /* Pods-ShortLinkTests.debug.xcconfig */ = {isa = PBXFileReference; includeInIndex = 1; lastKnownFileType = text.xcconfig; name = "Pods-ShortLinkTests.debug.xcconfig"; path = "Pods/Target Support Files/Pods-ShortLinkTests/Pods-ShortLinkTests.debug.xcconfig"; sourceTree = "<group>"; };
		C73B7CE37EBFF3B3D9971EBD /* Pods_ShortLink.framework */ = {isa = PBXFileReference; explicitFileType = wrapper.framework; includeInIndex = 0; path = Pods_ShortLink.framework; sourceTree = BUILT_PRODUCTS_DIR; };
/* End PBXFileReference section */

/* Begin PBXFrameworksBuildPhase section */
		64DA1D0A1E6B232600711F7B /* Frameworks */ = {
			isa = PBXFrameworksBuildPhase;
			buildActionMask = 2147483647;
			files = (
				6E7E884C376B2BF40C2B8006 /* Pods_ShortLink.framework in Frameworks */,
			);
			runOnlyForDeploymentPostprocessing = 0;
		};
		64DA1D1E1E6B232600711F7B /* Frameworks */ = {
			isa = PBXFrameworksBuildPhase;
			buildActionMask = 2147483647;
			files = (
				E82C14FDF41B87C457AB4C52 /* Pods_ShortLinkTests.framework in Frameworks */,
			);
			runOnlyForDeploymentPostprocessing = 0;
		};
		64DA1D291E6B232600711F7B /* Frameworks */ = {
			isa = PBXFrameworksBuildPhase;
			buildActionMask = 2147483647;
			files = (
				2DA37808E7F97E870FD543D4 /* Pods_ShortLinkUITests.framework in Frameworks */,
			);
			runOnlyForDeploymentPostprocessing = 0;
		};
/* End PBXFrameworksBuildPhase section */

/* Begin PBXGroup section */
		64DA1D041E6B232600711F7B = {
			isa = PBXGroup;
			children = (
				64DA1D0F1E6B232600711F7B /* ShortLink */,
				64DA1D241E6B232600711F7B /* ShortLinkTests */,
				64DA1D2F1E6B232600711F7B /* ShortLinkUITests */,
				64DA1D0E1E6B232600711F7B /* Products */,
				DF9346871A88B09299A631F2 /* Pods */,
				A6904C93D74CF85D3300FB5F /* Frameworks */,
			);
			sourceTree = "<group>";
		};
		64DA1D0E1E6B232600711F7B /* Products */ = {
			isa = PBXGroup;
			children = (
				64DA1D0D1E6B232600711F7B /* ShortLink.app */,
				64DA1D211E6B232600711F7B /* ShortLinkTests.xctest */,
				64DA1D2C1E6B232600711F7B /* ShortLinkUITests.xctest */,
			);
			name = Products;
			sourceTree = "<group>";
		};
		64DA1D0F1E6B232600711F7B /* ShortLink */ = {
			isa = PBXGroup;
			children = (
				64DA1D101E6B232600711F7B /* AppDelegate.swift */,
				64DA1D121E6B232600711F7B /* ViewController.swift */,
				64DA1D141E6B232600711F7B /* Main.storyboard */,
				64DA1D171E6B232600711F7B /* Assets.xcassets */,
				64DA1D191E6B232600711F7B /* LaunchScreen.storyboard */,
				64DA1D1C1E6B232600711F7B /* Info.plist */,
			);
			path = ShortLink;
			sourceTree = "<group>";
		};
		64DA1D241E6B232600711F7B /* ShortLinkTests */ = {
			isa = PBXGroup;
			children = (
				64DA1D251E6B232600711F7B /* ShortLinkTests.swift */,
				64DA1D271E6B232600711F7B /* Info.plist */,
			);
			path = ShortLinkTests;
			sourceTree = "<group>";
		};
		64DA1D2F1E6B232600711F7B /* ShortLinkUITests */ = {
			isa = PBXGroup;
			children = (
				64DA1D301E6B232600711F7B /* ShortLinkUITests.swift */,
				64DA1D321E6B232600711F7B /* Info.plist */,
			);
			path = ShortLinkUITests;
			sourceTree = "<group>";
		};
		A6904C93D74CF85D3300FB5F /* Frameworks */ = {
			isa = PBXGroup;
			children = (
				C73B7CE37EBFF3B3D9971EBD /* Pods_ShortLink.framework */,
				B3ABC08055C8095E2C9610BB /* Pods_ShortLinkTests.framework */,
				69505047EF28B75393F432F1 /* Pods_ShortLinkUITests.framework */,
			);
			name = Frameworks;
			sourceTree = "<group>";
		};
		DF9346871A88B09299A631F2 /* Pods */ = {
			isa = PBXGroup;
			children = (
				0B23749EFC4DF8F81AEA3D02 /* Pods-ShortLink.debug.xcconfig */,
				8BBFB0009453EE28EDAE0E6C /* Pods-ShortLink.release.xcconfig */,
				C489248CAEB82BD8681E7003 /* Pods-ShortLinkTests.debug.xcconfig */,
				2D995C63B9560B0792BB7C08 /* Pods-ShortLinkTests.release.xcconfig */,
				7D6D4B6DC8C72B01A1109891 /* Pods-ShortLinkUITests.debug.xcconfig */,
				8426C7A3F795FBC1EB4E0701 /* Pods-ShortLinkUITests.release.xcconfig */,
			);
			name = Pods;
			sourceTree = "<group>";
		};
/* End PBXGroup section */

/* Begin PBXNativeTarget section */
		64DA1D0C1E6B232600711F7B /* ShortLink */ = {
			isa = PBXNativeTarget;
			buildConfigurationList = 64DA1D351E6B232600711F7B /* Build configuration list for PBXNativeTarget "ShortLink" */;
			buildPhases = (
				60E19D06A05E2148091731F3 /* [CP] Check Pods Manifest.lock */,
				64DA1D091E6B232600711F7B /* Sources */,
				64DA1D0A1E6B232600711F7B /* Frameworks */,
				64DA1D0B1E6B232600711F7B /* Resources */,
				74233487D0B166E61F9072A9 /* [CP] Embed Pods Frameworks */,
				BA6B202FAA0B3EF714AF0E3C /* [CP] Copy Pods Resources */,
			);
			buildRules = (
			);
			dependencies = (
			);
			name = ShortLink;
			productName = ShortLink;
			productReference = 64DA1D0D1E6B232600711F7B /* ShortLink.app */;
			productType = "com.apple.product-type.application";
		};
		64DA1D201E6B232600711F7B /* ShortLinkTests */ = {
			isa = PBXNativeTarget;
			buildConfigurationList = 64DA1D381E6B232600711F7B /* Build configuration list for PBXNativeTarget "ShortLinkTests" */;
			buildPhases = (
				847E6200823E4DA6621B127A /* [CP] Check Pods Manifest.lock */,
				64DA1D1D1E6B232600711F7B /* Sources */,
				64DA1D1E1E6B232600711F7B /* Frameworks */,
				64DA1D1F1E6B232600711F7B /* Resources */,
				F38BF98FB893399CE184B4D9 /* [CP] Embed Pods Frameworks */,
				EEF1F64427DD1638D8D4D168 /* [CP] Copy Pods Resources */,
			);
			buildRules = (
			);
			dependencies = (
				64DA1D231E6B232600711F7B /* PBXTargetDependency */,
			);
			name = ShortLinkTests;
			productName = ShortLinkTests;
			productReference = 64DA1D211E6B232600711F7B /* ShortLinkTests.xctest */;
			productType = "com.apple.product-type.bundle.unit-test";
		};
		64DA1D2B1E6B232600711F7B /* ShortLinkUITests */ = {
			isa = PBXNativeTarget;
			buildConfigurationList = 64DA1D3B1E6B232600711F7B /* Build configuration list for PBXNativeTarget "ShortLinkUITests" */;
			buildPhases = (
				9E2716AB11A737EB43952381 /* [CP] Check Pods Manifest.lock */,
				64DA1D281E6B232600711F7B /* Sources */,
				64DA1D291E6B232600711F7B /* Frameworks */,
				64DA1D2A1E6B232600711F7B /* Resources */,
				196FEDB3AD013C6CA818374D /* [CP] Embed Pods Frameworks */,
				A200A1B20FCEE90126D2436A /* [CP] Copy Pods Resources */,
			);
			buildRules = (
			);
			dependencies = (
				64DA1D2E1E6B232600711F7B /* PBXTargetDependency */,
			);
			name = ShortLinkUITests;
			productName = ShortLinkUITests;
			productReference = 64DA1D2C1E6B232600711F7B /* ShortLinkUITests.xctest */;
			productType = "com.apple.product-type.bundle.ui-testing";
		};
/* End PBXNativeTarget section */

/* Begin PBXProject section */
		64DA1D051E6B232600711F7B /* Project object */ = {
			isa = PBXProject;
			attributes = {
				LastSwiftUpdateCheck = 0800;
				LastUpgradeCheck = 0800;
				ORGANIZATIONNAME = "Kyle O'Brien";
				TargetAttributes = {
					64DA1D0C1E6B232600711F7B = {
						CreatedOnToolsVersion = 8.0;
						ProvisioningStyle = Automatic;
					};
					64DA1D201E6B232600711F7B = {
						CreatedOnToolsVersion = 8.0;
						ProvisioningStyle = Automatic;
						TestTargetID = 64DA1D0C1E6B232600711F7B;
					};
					64DA1D2B1E6B232600711F7B = {
						CreatedOnToolsVersion = 8.0;
						ProvisioningStyle = Automatic;
						TestTargetID = 64DA1D0C1E6B232600711F7B;
					};
				};
			};
			buildConfigurationList = 64DA1D081E6B232600711F7B /* Build configuration list for PBXProject "ShortLink" */;
			compatibilityVersion = "Xcode 3.2";
			developmentRegion = English;
			hasScannedForEncodings = 0;
			knownRegions = (
				en,
				Base,
			);
			mainGroup = 64DA1D041E6B232600711F7B;
			productRefGroup = 64DA1D0E1E6B232600711F7B /* Products */;
			projectDirPath = "";
			projectRoot = "";
			targets = (
				64DA1D0C1E6B232600711F7B /* ShortLink */,
				64DA1D201E6B232600711F7B /* ShortLinkTests */,
				64DA1D2B1E6B232600711F7B /* ShortLinkUITests */,
			);
		};
/* End PBXProject section */

/* Begin PBXResourcesBuildPhase section */
		64DA1D0B1E6B232600711F7B /* Resources */ = {
			isa = PBXResourcesBuildPhase;
			buildActionMask = 2147483647;
			files = (
				64DA1D1B1E6B232600711F7B /* LaunchScreen.storyboard in Resources */,
				64DA1D181E6B232600711F7B /* Assets.xcassets in Resources */,
				64DA1D161E6B232600711F7B /* Main.storyboard in Resources */,
			);
			runOnlyForDeploymentPostprocessing = 0;
		};
		64DA1D1F1E6B232600711F7B /* Resources */ = {
			isa = PBXResourcesBuildPhase;
			buildActionMask = 2147483647;
			files = (
			);
			runOnlyForDeploymentPostprocessing = 0;
		};
		64DA1D2A1E6B232600711F7B /* Resources */ = {
			isa = PBXResourcesBuildPhase;
			buildActionMask = 2147483647;
			files = (
			);
			runOnlyForDeploymentPostprocessing = 0;
		};
/* End PBXResourcesBuildPhase section */

/* Begin PBXShellScriptBuildPhase section */
		196FEDB3AD013C6CA818374D /* [CP] Embed Pods Frameworks */ = {
			isa = PBXShellScriptBuildPhase;
			buildActionMask = 2147483647;
			files = (
			);
			inputPaths = (
			);
			name = "[CP] Embed Pods Frameworks";
			outputPaths = (
			);
			runOnlyForDeploymentPostprocessing = 0;
			shellPath = /bin/sh;
			shellScript = "\"${SRCROOT}/Pods/Target Support Files/Pods-ShortLinkUITests/Pods-ShortLinkUITests-frameworks.sh\"\n";
			showEnvVarsInLog = 0;
		};
		60E19D06A05E2148091731F3 /* [CP] Check Pods Manifest.lock */ = {
			isa = PBXShellScriptBuildPhase;
			buildActionMask = 2147483647;
			files = (
			);
			inputPaths = (
			);
			name = "[CP] Check Pods Manifest.lock";
			outputPaths = (
			);
			runOnlyForDeploymentPostprocessing = 0;
			shellPath = /bin/sh;
			shellScript = "diff \"${PODS_ROOT}/../Podfile.lock\" \"${PODS_ROOT}/Manifest.lock\" > /dev/null\nif [ $? != 0 ] ; then\n    # print error to STDERR\n    echo \"error: The sandbox is not in sync with the Podfile.lock. Run 'pod install' or update your CocoaPods installation.\" >&2\n    exit 1\nfi\n";
			showEnvVarsInLog = 0;
		};
		74233487D0B166E61F9072A9 /* [CP] Embed Pods Frameworks */ = {
			isa = PBXShellScriptBuildPhase;
			buildActionMask = 2147483647;
			files = (
			);
			inputPaths = (
			);
			name = "[CP] Embed Pods Frameworks";
			outputPaths = (
			);
			runOnlyForDeploymentPostprocessing = 0;
			shellPath = /bin/sh;
			shellScript = "\"${SRCROOT}/Pods/Target Support Files/Pods-ShortLink/Pods-ShortLink-frameworks.sh\"\n";
			showEnvVarsInLog = 0;
		};
		847E6200823E4DA6621B127A /* [CP] Check Pods Manifest.lock */ = {
			isa = PBXShellScriptBuildPhase;
			buildActionMask = 2147483647;
			files = (
			);
			inputPaths = (
			);
			name = "[CP] Check Pods Manifest.lock";
			outputPaths = (
			);
			runOnlyForDeploymentPostprocessing = 0;
			shellPath = /bin/sh;
			shellScript = "diff \"${PODS_ROOT}/../Podfile.lock\" \"${PODS_ROOT}/Manifest.lock\" > /dev/null\nif [ $? != 0 ] ; then\n    # print error to STDERR\n    echo \"error: The sandbox is not in sync with the Podfile.lock. Run 'pod install' or update your CocoaPods installation.\" >&2\n    exit 1\nfi\n";
			showEnvVarsInLog = 0;
		};
		9E2716AB11A737EB43952381 /* [CP] Check Pods Manifest.lock */ = {
			isa = PBXShellScriptBuildPhase;
			buildActionMask = 2147483647;
			files = (
			);
			inputPaths = (
			);
			name = "[CP] Check Pods Manifest.lock";
			outputPaths = (
			);
			runOnlyForDeploymentPostprocessing = 0;
			shellPath = /bin/sh;
			shellScript = "diff \"${PODS_ROOT}/../Podfile.lock\" \"${PODS_ROOT}/Manifest.lock\" > /dev/null\nif [ $? != 0 ] ; then\n    # print error to STDERR\n    echo \"error: The sandbox is not in sync with the Podfile.lock. Run 'pod install' or update your CocoaPods installation.\" >&2\n    exit 1\nfi\n";
			showEnvVarsInLog = 0;
		};
		A200A1B20FCEE90126D2436A /* [CP] Copy Pods Resources */ = {
			isa = PBXShellScriptBuildPhase;
			buildActionMask = 2147483647;
			files = (
			);
			inputPaths = (
			);
			name = "[CP] Copy Pods Resources";
			outputPaths = (
			);
			runOnlyForDeploymentPostprocessing = 0;
			shellPath = /bin/sh;
			shellScript = "\"${SRCROOT}/Pods/Target Support Files/Pods-ShortLinkUITests/Pods-ShortLinkUITests-resources.sh\"\n";
			showEnvVarsInLog = 0;
		};
		BA6B202FAA0B3EF714AF0E3C /* [CP] Copy Pods Resources */ = {
			isa = PBXShellScriptBuildPhase;
			buildActionMask = 2147483647;
			files = (
			);
			inputPaths = (
			);
			name = "[CP] Copy Pods Resources";
			outputPaths = (
			);
			runOnlyForDeploymentPostprocessing = 0;
			shellPath = /bin/sh;
			shellScript = "\"${SRCROOT}/Pods/Target Support Files/Pods-ShortLink/Pods-ShortLink-resources.sh\"\n";
			showEnvVarsInLog = 0;
		};
		EEF1F64427DD1638D8D4D168 /* [CP] Copy Pods Resources */ = {
			isa = PBXShellScriptBuildPhase;
			buildActionMask = 2147483647;
			files = (
			);
			inputPaths = (
			);
			name = "[CP] Copy Pods Resources";
			outputPaths = (
			);
			runOnlyForDeploymentPostprocessing = 0;
			shellPath = /bin/sh;
			shellScript = "\"${SRCROOT}/Pods/Target Support Files/Pods-ShortLinkTests/Pods-ShortLinkTests-resources.sh\"\n";
			showEnvVarsInLog = 0;
		};
		F38BF98FB893399CE184B4D9 /* [CP] Embed Pods Frameworks */ = {
			isa = PBXShellScriptBuildPhase;
			buildActionMask = 2147483647;
			files = (
			);
			inputPaths = (
			);
			name = "[CP] Embed Pods Frameworks";
			outputPaths = (
			);
			runOnlyForDeploymentPostprocessing = 0;
			shellPath = /bin/sh;
			shellScript = "\"${SRCROOT}/Pods/Target Support Files/Pods-ShortLinkTests/Pods-ShortLinkTests-frameworks.sh\"\n";
			showEnvVarsInLog = 0;
		};
/* End PBXShellScriptBuildPhase section */

/* Begin PBXSourcesBuildPhase section */
		64DA1D091E6B232600711F7B /* Sources */ = {
			isa = PBXSourcesBuildPhase;
			buildActionMask = 2147483647;
			files = (
				64DA1D131E6B232600711F7B /* ViewController.swift in Sources */,
				64DA1D111E6B232600711F7B /* AppDelegate.swift in Sources */,
			);
			runOnlyForDeploymentPostprocessing = 0;
		};
		64DA1D1D1E6B232600711F7B /* Sources */ = {
			isa = PBXSourcesBuildPhase;
			buildActionMask = 2147483647;
			files = (
				64DA1D261E6B232600711F7B /* ShortLinkTests.swift in Sources */,
			);
			runOnlyForDeploymentPostprocessing = 0;
		};
		64DA1D281E6B232600711F7B /* Sources */ = {
			isa = PBXSourcesBuildPhase;
			buildActionMask = 2147483647;
			files = (
				64DA1D311E6B232600711F7B /* ShortLinkUITests.swift in Sources */,
			);
			runOnlyForDeploymentPostprocessing = 0;
		};
/* End PBXSourcesBuildPhase section */

/* Begin PBXTargetDependency section */
		64DA1D231E6B232600711F7B /* PBXTargetDependency */ = {
			isa = PBXTargetDependency;
			target = 64DA1D0C1E6B232600711F7B /* ShortLink */;
			targetProxy = 64DA1D221E6B232600711F7B /* PBXContainerItemProxy */;
		};
		64DA1D2E1E6B232600711F7B /* PBXTargetDependency */ = {
			isa = PBXTargetDependency;
			target = 64DA1D0C1E6B232600711F7B /* ShortLink */;
			targetProxy = 64DA1D2D1E6B232600711F7B /* PBXContainerItemProxy */;
		};
/* End PBXTargetDependency section */

/* Begin PBXVariantGroup section */
		64DA1D141E6B232600711F7B /* Main.storyboard */ = {
			isa = PBXVariantGroup;
			children = (
				64DA1D151E6B232600711F7B /* Base */,
			);
			name = Main.storyboard;
			sourceTree = "<group>";
		};
		64DA1D191E6B232600711F7B /* LaunchScreen.storyboard */ = {
			isa = PBXVariantGroup;
			children = (
				64DA1D1A1E6B232600711F7B /* Base */,
			);
			name = LaunchScreen.storyboard;
			sourceTree = "<group>";
		};
/* End PBXVariantGroup section */

/* Begin XCBuildConfiguration section */
		64DA1D331E6B232600711F7B /* Debug */ = {
			isa = XCBuildConfiguration;
			buildSettings = {
				ALWAYS_SEARCH_USER_PATHS = NO;
				CLANG_ANALYZER_NONNULL = YES;
				CLANG_CXX_LANGUAGE_STANDARD = "gnu++0x";
				CLANG_CXX_LIBRARY = "libc++";
				CLANG_ENABLE_MODULES = YES;
				CLANG_ENABLE_OBJC_ARC = YES;
				CLANG_WARN_BOOL_CONVERSION = YES;
				CLANG_WARN_CONSTANT_CONVERSION = YES;
				CLANG_WARN_DIRECT_OBJC_ISA_USAGE = YES_ERROR;
				CLANG_WARN_DOCUMENTATION_COMMENTS = YES;
				CLANG_WARN_EMPTY_BODY = YES;
				CLANG_WARN_ENUM_CONVERSION = YES;
				CLANG_WARN_INT_CONVERSION = YES;
				CLANG_WARN_OBJC_ROOT_CLASS = YES_ERROR;
				CLANG_WARN_UNREACHABLE_CODE = YES;
				CLANG_WARN__DUPLICATE_METHOD_MATCH = YES;
				"CODE_SIGN_IDENTITY[sdk=iphoneos*]" = "iPhone Developer";
				COPY_PHASE_STRIP = NO;
				DEBUG_INFORMATION_FORMAT = dwarf;
				ENABLE_STRICT_OBJC_MSGSEND = YES;
				ENABLE_TESTABILITY = YES;
				GCC_C_LANGUAGE_STANDARD = gnu99;
				GCC_DYNAMIC_NO_PIC = NO;
				GCC_NO_COMMON_BLOCKS = YES;
				GCC_OPTIMIZATION_LEVEL = 0;
				GCC_PREPROCESSOR_DEFINITIONS = (
					"DEBUG=1",
					"$(inherited)",
				);
				GCC_WARN_64_TO_32_BIT_CONVERSION = YES;
				GCC_WARN_ABOUT_RETURN_TYPE = YES_ERROR;
				GCC_WARN_UNDECLARED_SELECTOR = YES;
				GCC_WARN_UNINITIALIZED_AUTOS = YES_AGGRESSIVE;
				GCC_WARN_UNUSED_FUNCTION = YES;
				GCC_WARN_UNUSED_VARIABLE = YES;
				IPHONEOS_DEPLOYMENT_TARGET = 10.0;
				MTL_ENABLE_DEBUG_INFO = YES;
				ONLY_ACTIVE_ARCH = YES;
				SDKROOT = iphoneos;
				SWIFT_ACTIVE_COMPILATION_CONDITIONS = DEBUG;
				SWIFT_OPTIMIZATION_LEVEL = "-Onone";
				TARGETED_DEVICE_FAMILY = "1,2";
			};
			name = Debug;
		};
		64DA1D341E6B232600711F7B /* Release */ = {
			isa = XCBuildConfiguration;
			buildSettings = {
				ALWAYS_SEARCH_USER_PATHS = NO;
				CLANG_ANALYZER_NONNULL = YES;
				CLANG_CXX_LANGUAGE_STANDARD = "gnu++0x";
				CLANG_CXX_LIBRARY = "libc++";
				CLANG_ENABLE_MODULES = YES;
				CLANG_ENABLE_OBJC_ARC = YES;
				CLANG_WARN_BOOL_CONVERSION = YES;
				CLANG_WARN_CONSTANT_CONVERSION = YES;
				CLANG_WARN_DIRECT_OBJC_ISA_USAGE = YES_ERROR;
				CLANG_WARN_DOCUMENTATION_COMMENTS = YES;
				CLANG_WARN_EMPTY_BODY = YES;
				CLANG_WARN_ENUM_CONVERSION = YES;
				CLANG_WARN_INT_CONVERSION = YES;
				CLANG_WARN_OBJC_ROOT_CLASS = YES_ERROR;
				CLANG_WARN_UNREACHABLE_CODE = YES;
				CLANG_WARN__DUPLICATE_METHOD_MATCH = YES;
				"CODE_SIGN_IDENTITY[sdk=iphoneos*]" = "iPhone Developer";
				COPY_PHASE_STRIP = NO;
				DEBUG_INFORMATION_FORMAT = "dwarf-with-dsym";
				ENABLE_NS_ASSERTIONS = NO;
				ENABLE_STRICT_OBJC_MSGSEND = YES;
				GCC_C_LANGUAGE_STANDARD = gnu99;
				GCC_NO_COMMON_BLOCKS = YES;
				GCC_WARN_64_TO_32_BIT_CONVERSION = YES;
				GCC_WARN_ABOUT_RETURN_TYPE = YES_ERROR;
				GCC_WARN_UNDECLARED_SELECTOR = YES;
				GCC_WARN_UNINITIALIZED_AUTOS = YES_AGGRESSIVE;
				GCC_WARN_UNUSED_FUNCTION = YES;
				GCC_WARN_UNUSED_VARIABLE = YES;
				IPHONEOS_DEPLOYMENT_TARGET = 10.0;
				MTL_ENABLE_DEBUG_INFO = NO;
				SDKROOT = iphoneos;
				SWIFT_OPTIMIZATION_LEVEL = "-Owholemodule";
				TARGETED_DEVICE_FAMILY = "1,2";
				VALIDATE_PRODUCT = YES;
			};
			name = Release;
		};
		64DA1D361E6B232600711F7B /* Debug */ = {
			isa = XCBuildConfiguration;
			baseConfigurationReference = 0B23749EFC4DF8F81AEA3D02 /* Pods-ShortLink.debug.xcconfig */;
			buildSettings = {
				ASSETCATALOG_COMPILER_APPICON_NAME = AppIcon;
				INFOPLIST_FILE = ShortLink/Info.plist;
				LD_RUNPATH_SEARCH_PATHS = "$(inherited) @executable_path/Frameworks";
				PRODUCT_BUNDLE_IDENTIFIER = hi.ShortLink;
				PRODUCT_NAME = "$(TARGET_NAME)";
				SWIFT_VERSION = 3.0;
			};
			name = Debug;
		};
		64DA1D371E6B232600711F7B /* Release */ = {
			isa = XCBuildConfiguration;
			baseConfigurationReference = 8BBFB0009453EE28EDAE0E6C /* Pods-ShortLink.release.xcconfig */;
			buildSettings = {
				ASSETCATALOG_COMPILER_APPICON_NAME = AppIcon;
				INFOPLIST_FILE = ShortLink/Info.plist;
				LD_RUNPATH_SEARCH_PATHS = "$(inherited) @executable_path/Frameworks";
				PRODUCT_BUNDLE_IDENTIFIER = hi.ShortLink;
				PRODUCT_NAME = "$(TARGET_NAME)";
				SWIFT_VERSION = 3.0;
			};
			name = Release;
		};
		64DA1D391E6B232600711F7B /* Debug */ = {
			isa = XCBuildConfiguration;
			baseConfigurationReference = C489248CAEB82BD8681E7003 /* Pods-ShortLinkTests.debug.xcconfig */;
			buildSettings = {
				BUNDLE_LOADER = "$(TEST_HOST)";
				INFOPLIST_FILE = ShortLinkTests/Info.plist;
				LD_RUNPATH_SEARCH_PATHS = "$(inherited) @executable_path/Frameworks @loader_path/Frameworks";
				PRODUCT_BUNDLE_IDENTIFIER = hi.ShortLinkTests;
				PRODUCT_NAME = "$(TARGET_NAME)";
				SWIFT_VERSION = 3.0;
				TEST_HOST = "$(BUILT_PRODUCTS_DIR)/ShortLink.app/ShortLink";
			};
			name = Debug;
		};
		64DA1D3A1E6B232600711F7B /* Release */ = {
			isa = XCBuildConfiguration;
			baseConfigurationReference = 2D995C63B9560B0792BB7C08 /* Pods-ShortLinkTests.release.xcconfig */;
			buildSettings = {
				BUNDLE_LOADER = "$(TEST_HOST)";
				INFOPLIST_FILE = ShortLinkTests/Info.plist;
				LD_RUNPATH_SEARCH_PATHS = "$(inherited) @executable_path/Frameworks @loader_path/Frameworks";
				PRODUCT_BUNDLE_IDENTIFIER = hi.ShortLinkTests;
				PRODUCT_NAME = "$(TARGET_NAME)";
				SWIFT_VERSION = 3.0;
				TEST_HOST = "$(BUILT_PRODUCTS_DIR)/ShortLink.app/ShortLink";
			};
			name = Release;
		};
		64DA1D3C1E6B232600711F7B /* Debug */ = {
			isa = XCBuildConfiguration;
			baseConfigurationReference = 7D6D4B6DC8C72B01A1109891 /* Pods-ShortLinkUITests.debug.xcconfig */;
			buildSettings = {
				INFOPLIST_FILE = ShortLinkUITests/Info.plist;
				LD_RUNPATH_SEARCH_PATHS = "$(inherited) @executable_path/Frameworks @loader_path/Frameworks";
				PRODUCT_BUNDLE_IDENTIFIER = hi.ShortLinkUITests;
				PRODUCT_NAME = "$(TARGET_NAME)";
				SWIFT_VERSION = 3.0;
				TEST_TARGET_NAME = ShortLink;
			};
			name = Debug;
		};
		64DA1D3D1E6B232600711F7B /* Release */ = {
			isa = XCBuildConfiguration;
			baseConfigurationReference = 8426C7A3F795FBC1EB4E0701 /* Pods-ShortLinkUITests.release.xcconfig */;
			buildSettings = {
				INFOPLIST_FILE = ShortLinkUITests/Info.plist;
				LD_RUNPATH_SEARCH_PATHS = "$(inherited) @executable_path/Frameworks @loader_path/Frameworks";
				PRODUCT_BUNDLE_IDENTIFIER = hi.ShortLinkUITests;
				PRODUCT_NAME = "$(TARGET_NAME)";
				SWIFT_VERSION = 3.0;
				TEST_TARGET_NAME = ShortLink;
			};
			name = Release;
		};
/* End XCBuildConfiguration section */

/* Begin XCConfigurationList section */
		64DA1D081E6B232600711F7B /* Build configuration list for PBXProject "ShortLink" */ = {
			isa = XCConfigurationList;
			buildConfigurations = (
				64DA1D331E6B232600711F7B /* Debug */,
				64DA1D341E6B232600711F7B /* Release */,
			);
			defaultConfigurationIsVisible = 0;
			defaultConfigurationName = Release;
		};
		64DA1D351E6B232600711F7B /* Build configuration list for PBXNativeTarget "ShortLink" */ = {
			isa = XCConfigurationList;
			buildConfigurations = (
				64DA1D361E6B232600711F7B /* Debug */,
				64DA1D371E6B232600711F7B /* Release */,
			);
			defaultConfigurationIsVisible = 0;
			defaultConfigurationName = Release;
		};
		64DA1D381E6B232600711F7B /* Build configuration list for PBXNativeTarget "ShortLinkTests" */ = {
			isa = XCConfigurationList;
			buildConfigurations = (
				64DA1D391E6B232600711F7B /* Debug */,
				64DA1D3A1E6B232600711F7B /* Release */,
			);
			defaultConfigurationIsVisible = 0;
			defaultConfigurationName = Release;
		};
		64DA1D3B1E6B232600711F7B /* Build configuration list for PBXNativeTarget "ShortLinkUITests" */ = {
			isa = XCConfigurationList;
			buildConfigurations = (
				64DA1D3C1E6B232600711F7B /* Debug */,
				64DA1D3D1E6B232600711F7B /* Release */,
			);
			defaultConfigurationIsVisible = 0;
			defaultConfigurationName = Release;
		};
/* End XCConfigurationList section */
	};
	rootObject = 64DA1D051E6B232600711F7B /* Project object */;
}
